
Microsoft Visual Studio Solution File, Format Version 12.00
# Visual Studio 15
VisualStudioVersion = 15.0.27428.2037
MinimumVisualStudioVersion = 10.0.40219.1
Project("{9A19103F-16F7-4668-BE54-9A1E7A4F7556}") = "Caffeine.Cache", "Caffeine.Cache\Caffeine.Cache.csproj", "{65E61A72-F996-45D1-B0BB-B79BE5D4F4BD}"
EndProject
Project("{FAE04EC0-301F-11D3-BF4B-00C04F79EFBC}") = "Caffeine.Tests", "Caffeine.Tests\Caffeine.Tests.csproj", "{9D173C48-3D7F-4F34-A2A4-7E899159DA5A}"
EndProject
Global
	GlobalSection(SolutionConfigurationPlatforms) = preSolution
		Debug|Any CPU = Debug|Any CPU
		Release|Any CPU = Release|Any CPU
	EndGlobalSection
	GlobalSection(ProjectConfigurationPlatforms) = postSolution
		{65E61A72-F996-45D1-B0BB-B79BE5D4F4BD}.Debug|Any CPU.ActiveCfg = Debug|Any CPU
		{65E61A72-F996-45D1-B0BB-B79BE5D4F4BD}.Debug|Any CPU.Build.0 = Debug|Any CPU
		{65E61A72-F996-45D1-B0BB-B79BE5D4F4BD}.Release|Any CPU.ActiveCfg = Release|Any CPU
		{65E61A72-F996-45D1-B0BB-B79BE5D4F4BD}.Release|Any CPU.Build.0 = Release|Any CPU
		{9D173C48-3D7F-4F34-A2A4-7E899159DA5A}.Debug|Any CPU.ActiveCfg = Debug|Any CPU
		{9D173C48-3D7F-4F34-A2A4-7E899159DA5A}.Debug|Any CPU.Build.0 = Debug|Any CPU
		{9D173C48-3D7F-4F34-A2A4-7E899159DA5A}.Release|Any CPU.ActiveCfg = Release|Any CPU
		{9D173C48-3D7F-4F34-A2A4-7E899159DA5A}.Release|Any CPU.Build.0 = Release|Any CPU
	EndGlobalSection
	GlobalSection(SolutionProperties) = preSolution
		HideSolutionNode = FALSE
	EndGlobalSection
	GlobalSection(ExtensibilityGlobals) = postSolution
		SolutionGuid = {68022DC9-E45E-43C2-9A81-B2BEA3463081}
	EndGlobalSection
EndGlobal
